
Microsoft Visual Studio Solution File, Format Version 12.00
# Visual Studio Version 17
VisualStudioVersion = 17.0.31903.59
MinimumVisualStudioVersion = 10.0.40219.1
Project("{FAE04EC0-301F-11D3-BF4B-00C04F79EFBC}") = "InventoryManagement.Models", "InventoryManagement.Models\InventoryManagement.Models.csproj", "{1F1D1A2E-65EB-4A45-ADD7-95E149EE336A}"
EndProject
Project("{FAE04EC0-301F-11D3-BF4B-00C04F79EFBC}") = "API", "API\API.csproj", "{3B198386-E98E-48DD-B17F-6322EA72C50A}"
EndProject
Global
	GlobalSection(SolutionConfigurationPlatforms) = preSolution
		Debug|Any CPU = Debug|Any CPU
		Release|Any CPU = Release|Any CPU
	EndGlobalSection
	GlobalSection(SolutionProperties) = preSolution
		HideSolutionNode = FALSE
	EndGlobalSection
	GlobalSection(ProjectConfigurationPlatforms) = postSolution
		{1F1D1A2E-65EB-4A45-ADD7-95E149EE336A}.Debug|Any CPU.ActiveCfg = Debug|Any CPU
		{1F1D1A2E-65EB-4A45-ADD7-95E149EE336A}.Debug|Any CPU.Build.0 = Debug|Any CPU
		{1F1D1A2E-65EB-4A45-ADD7-95E149EE336A}.Release|Any CPU.ActiveCfg = Release|Any CPU
		{1F1D1A2E-65EB-4A45-ADD7-95E149EE336A}.Release|Any CPU.Build.0 = Release|Any CPU
		{3B198386-E98E-48DD-B17F-6322EA72C50A}.Debug|Any CPU.ActiveCfg = Debug|Any CPU
		{3B198386-E98E-48DD-B17F-6322EA72C50A}.Debug|Any CPU.Build.0 = Debug|Any CPU
		{3B198386-E98E-48DD-B17F-6322EA72C50A}.Release|Any CPU.ActiveCfg = Release|Any CPU
		{3B198386-E98E-48DD-B17F-6322EA72C50A}.Release|Any CPU.Build.0 = Release|Any CPU
	EndGlobalSection
EndGlobal
